
Microsoft Visual Studio Solution File, Format Version 12.00
# Visual Studio Version 17
VisualStudioVersion = 17.4.33205.214
MinimumVisualStudioVersion = 10.0.40219.1
Project("{FAE04EC0-301F-11D3-BF4B-00C04F79EFBC}") = "BaggageApp", "BaggageApp.csproj", "{B433D20A-304A-4CF3-B9F0-5C835D467828}"
EndProject
Global
	GlobalSection(SolutionConfigurationPlatforms) = preSolution
		Debug|Any CPU = Debug|Any CPU
		Release|Any CPU = Release|Any CPU
	EndGlobalSection
	GlobalSection(ProjectConfigurationPlatforms) = postSolution
		{B433D20A-304A-4CF3-B9F0-5C835D467828}.Debug|Any CPU.ActiveCfg = Debug|Any CPU
		{B433D20A-304A-4CF3-B9F0-5C835D467828}.Debug|Any CPU.Build.0 = Debug|Any CPU
		{B433D20A-304A-4CF3-B9F0-5C835D467828}.Release|Any CPU.ActiveCfg = Release|Any CPU
		{B433D20A-304A-4CF3-B9F0-5C835D467828}.Release|Any CPU.Build.0 = Release|Any CPU
	EndGlobalSection
	GlobalSection(SolutionProperties) = preSolution
		HideSolutionNode = FALSE
	EndGlobalSection
	GlobalSection(ExtensibilityGlobals) = postSolution
		SolutionGuid = {CDFBFCC0-32B5-4E26-B34B-DD9C0BC49746}
	EndGlobalSection
EndGlobal
